Microsoft Visual Studio Solution File, Format Version 12.00
# Visual Studio Version 17
VisualStudioVersion = 17.14.36915.13
MinimumVisualStudioVersion = 10.0.40219.1
Project("{FAE04EC0-301F-11D3-BF4B-00C04F79EFBC}") = "SvgStructure", "SvgStructure\SvgStructure.csproj", "{5A66C806-471F-4D90-83DA-6E6B270AA451}"
EndProject
Project("{FAE04EC0-301F-11D3-BF4B-00C04F79EFBC}") = "SvgStructureDiagnostics", "SvgStructureDiagnostics\SvgStructureDiagnostics.csproj", "{3C7314D1-7D2D-4E2C-93A6-3A6E0E3D9F01}"
EndProject
Project("{FAE04EC0-301F-11D3-BF4B-00C04F79EFBC}") = "SvgSymbols", "SvgSymbols\SvgSymbols.csproj", "{B8E89E83-4E55-4CB5-9800-8FB1F21D2A29}"
EndProject
Project("{FAE04EC0-301F-11D3-BF4B-00C04F79EFBC}") = "GlyphPcaGallery", "GlyphPcaGallery\GlyphPcaGallery.csproj", "{D1A9DAF1-1D42-4A2D-A61A-9A5F7248F071}"
EndProject
Project("{FAE04EC0-301F-11D3-BF4B-00C04F79EFBC}") = "SmuflDatasetBuilder", "SmuflDatasetBuilder\SmuflDatasetBuilder.csproj", "{E84F6D08-2B5A-4F6D-9C6A-7C79359FE42C}"
EndProject
Project("{FAE04EC0-301F-11D3-BF4B-00C04F79EFBC}") = "MusicXml", "MusicXml\MusicXml.csproj", "{F13B2E64-6584-4D80-B4EB-BFF0A11D7B41}"
EndProject
Global
	GlobalSection(SolutionConfigurationPlatforms) = preSolution
		Debug|Any CPU = Debug|Any CPU
		Release|Any CPU = Release|Any CPU
	EndGlobalSection
	GlobalSection(ProjectConfigurationPlatforms) = postSolution
		{5A66C806-471F-4D90-83DA-6E6B270AA451}.Debug|Any CPU.ActiveCfg = Debug|Any CPU
		{5A66C806-471F-4D90-83DA-6E6B270AA451}.Debug|Any CPU.Build.0 = Debug|Any CPU
		{5A66C806-471F-4D90-83DA-6E6B270AA451}.Release|Any CPU.ActiveCfg = Release|Any CPU
		{5A66C806-471F-4D90-83DA-6E6B270AA451}.Release|Any CPU.Build.0 = Release|Any CPU
		{3C7314D1-7D2D-4E2C-93A6-3A6E0E3D9F01}.Debug|Any CPU.ActiveCfg = Debug|Any CPU
		{3C7314D1-7D2D-4E2C-93A6-3A6E0E3D9F01}.Debug|Any CPU.Build.0 = Debug|Any CPU
		{3C7314D1-7D2D-4E2C-93A6-3A6E0E3D9F01}.Release|Any CPU.ActiveCfg = Release|Any CPU
		{3C7314D1-7D2D-4E2C-93A6-3A6E0E3D9F01}.Release|Any CPU.Build.0 = Release|Any CPU
		{B8E89E83-4E55-4CB5-9800-8FB1F21D2A29}.Debug|Any CPU.ActiveCfg = Debug|Any CPU
		{B8E89E83-4E55-4CB5-9800-8FB1F21D2A29}.Debug|Any CPU.Build.0 = Debug|Any CPU
		{B8E89E83-4E55-4CB5-9800-8FB1F21D2A29}.Release|Any CPU.ActiveCfg = Release|Any CPU
		{B8E89E83-4E55-4CB5-9800-8FB1F21D2A29}.Release|Any CPU.Build.0 = Release|Any CPU
		{D1A9DAF1-1D42-4A2D-A61A-9A5F7248F071}.Debug|Any CPU.ActiveCfg = Debug|Any CPU
		{D1A9DAF1-1D42-4A2D-A61A-9A5F7248F071}.Debug|Any CPU.Build.0 = Debug|Any CPU
		{D1A9DAF1-1D42-4A2D-A61A-9A5F7248F071}.Release|Any CPU.ActiveCfg = Release|Any CPU
		{D1A9DAF1-1D42-4A2D-A61A-9A5F7248F071}.Release|Any CPU.Build.0 = Release|Any CPU
		{E84F6D08-2B5A-4F6D-9C6A-7C79359FE42C}.Debug|Any CPU.ActiveCfg = Debug|Any CPU
		{E84F6D08-2B5A-4F6D-9C6A-7C79359FE42C}.Debug|Any CPU.Build.0 = Debug|Any CPU
		{E84F6D08-2B5A-4F6D-9C6A-7C79359FE42C}.Release|Any CPU.ActiveCfg = Release|Any CPU
		{E84F6D08-2B5A-4F6D-9C6A-7C79359FE42C}.Release|Any CPU.Build.0 = Release|Any CPU
		{F13B2E64-6584-4D80-B4EB-BFF0A11D7B41}.Debug|Any CPU.ActiveCfg = Debug|Any CPU
		{F13B2E64-6584-4D80-B4EB-BFF0A11D7B41}.Debug|Any CPU.Build.0 = Debug|Any CPU
		{F13B2E64-6584-4D80-B4EB-BFF0A11D7B41}.Release|Any CPU.ActiveCfg = Release|Any CPU
		{F13B2E64-6584-4D80-B4EB-BFF0A11D7B41}.Release|Any CPU.Build.0 = Release|Any CPU
	EndGlobalSection
	GlobalSection(SolutionProperties) = preSolution
		HideSolutionNode = FALSE
	EndGlobalSection
	GlobalSection(ExtensibilityGlobals) = postSolution
		SolutionGuid = {EFA15823-C2D1-4758-B967-98EAAB738F91}
	EndGlobalSection
EndGlobal
